
Microsoft Visual Studio Solution File, Format Version 12.00
# Visual Studio Version 17
VisualStudioVersion = 17.6.33723.286
MinimumVisualStudioVersion = 10.0.40219.1
Project("{FAE04EC0-301F-11D3-BF4B-00C04F79EFBC}") = "PMQuanLy", "PMQuanLy\PMQuanLy.csproj", "{A353E576-ABD0-4754-A52D-C5A0D46DED28}"
EndProject
Global
	GlobalSection(SolutionConfigurationPlatforms) = preSolution
		Debug|Any CPU = Debug|Any CPU
		Release|Any CPU = Release|Any CPU
	EndGlobalSection
	GlobalSection(ProjectConfigurationPlatforms) = postSolution
		{A353E576-ABD0-4754-A52D-C5A0D46DED28}.Debug|Any CPU.ActiveCfg = Debug|Any CPU
		{A353E576-ABD0-4754-A52D-C5A0D46DED28}.Debug|Any CPU.Build.0 = Debug|Any CPU
		{A353E576-ABD0-4754-A52D-C5A0D46DED28}.Release|Any CPU.ActiveCfg = Release|Any CPU
		{A353E576-ABD0-4754-A52D-C5A0D46DED28}.Release|Any CPU.Build.0 = Release|Any CPU
	EndGlobalSection
	GlobalSection(SolutionProperties) = preSolution
		HideSolutionNode = FALSE
	EndGlobalSection
	GlobalSection(ExtensibilityGlobals) = postSolution
		SolutionGuid = {7AA83400-B69B-4383-B293-907116F67C4B}
	EndGlobalSection
EndGlobal
